// !$*UTF8*$!
{
	archiveVersion = 1;
	classes = {
	};
	objectVersion = 55;
	objects = {

/* Begin PBXBuildFile section */
		B684CE3427860DD400643D60 /* RealtyEstateApp.swift in Sources */ = {isa = PBXBuildFile; fileRef = B684CE3327860DD400643D60 /* RealtyEstateApp.swift */; };
		B684CE3627860DD400643D60 /* ContentView.swift in Sources */ = {isa = PBXBuildFile; fileRef = B684CE3527860DD400643D60 /* ContentView.swift */; };
		B684CE3827860DD600643D60 /* Assets.xcassets in Resources */ = {isa = PBXBuildFile; fileRef = B684CE3727860DD600643D60 /* Assets.xcassets */; };
		B684CE3B27860DD600643D60 /* Preview Assets.xcassets in Resources */ = {isa = PBXBuildFile; fileRef = B684CE3A27860DD600643D60 /* Preview Assets.xcassets */; };
		B684CE432786E24D00643D60 /* CardModel.swift in Sources */ = {isa = PBXBuildFile; fileRef = B684CE422786E24D00643D60 /* CardModel.swift */; };
		B684CE452787086F00643D60 /* Router.swift in Sources */ = {isa = PBXBuildFile; fileRef = B684CE442787086F00643D60 /* Router.swift */; };
		B684CE4A27871AEC00643D60 /* Routerable.swift in Sources */ = {isa = PBXBuildFile; fileRef = B684CE4927871AEC00643D60 /* Routerable.swift */; };
		B684CE4C27871AF500643D60 /* Routed.swift in Sources */ = {isa = PBXBuildFile; fileRef = B684CE4B27871AF500643D60 /* Routed.swift */; };
		B684CE4E27871B2F00643D60 /* Events.swift in Sources */ = {isa = PBXBuildFile; fileRef = B684CE4D27871B2F00643D60 /* Events.swift */; };
		B684CE5127873C1400643D60 /* CategoriesView.swift in Sources */ = {isa = PBXBuildFile; fileRef = B684CE5027873C1400643D60 /* CategoriesView.swift */; };
		B684CE5327874D3B00643D60 /* CategoriesData.swift in Sources */ = {isa = PBXBuildFile; fileRef = B684CE5227874D3B00643D60 /* CategoriesData.swift */; };
		B684CE552787542F00643D60 /* CardView.swift in Sources */ = {isa = PBXBuildFile; fileRef = B684CE542787542F00643D60 /* CardView.swift */; };
		B684CE58278756C500643D60 /* FontAnimator.swift in Sources */ = {isa = PBXBuildFile; fileRef = B684CE57278756C500643D60 /* FontAnimator.swift */; };
		B684CE5A2787791700643D60 /* ItemsView.swift in Sources */ = {isa = PBXBuildFile; fileRef = B684CE592787791700643D60 /* ItemsView.swift */; };
		B684CE5C2787797D00643D60 /* NavigationBar.swift in Sources */ = {isa = PBXBuildFile; fileRef = B684CE5B2787797D00643D60 /* NavigationBar.swift */; };
		B684CE5E278779EA00643D60 /* ScrollHeightGeometry.swift in Sources */ = {isa = PBXBuildFile; fileRef = B684CE5D278779EA00643D60 /* ScrollHeightGeometry.swift */; };
		B684CE6027877B2B00643D60 /* ItemModel.swift in Sources */ = {isa = PBXBuildFile; fileRef = B684CE5F27877B2B00643D60 /* ItemModel.swift */; };
/* End PBXBuildFile section */

/* Begin PBXFileReference section */
		B684CE3027860DD400643D60 /* RealtyEstate.app */ = {isa = PBXFileReference; explicitFileType = wrapper.application; includeInIndex = 0; path = RealtyEstate.app; sourceTree = BUILT_PRODUCTS_DIR; };
		B684CE3327860DD400643D60 /* RealtyEstateApp.swift */ = {isa = PBXFileReference; lastKnownFileType = sourcecode.swift; path = RealtyEstateApp.swift; sourceTree = "<group>"; };
		B684CE3527860DD400643D60 /* ContentView.swift */ = {isa = PBXFileReference; lastKnownFileType = sourcecode.swift; path = ContentView.swift; sourceTree = "<group>"; };
		B684CE3727860DD600643D60 /* Assets.xcassets */ = {isa = PBXFileReference; lastKnownFileType = folder.assetcatalog; path = Assets.xcassets; sourceTree = "<group>"; };
		B684CE3A27860DD600643D60 /* Preview Assets.xcassets */ = {isa = PBXFileReference; lastKnownFileType = folder.assetcatalog; path = "Preview Assets.xcassets"; sourceTree = "<group>"; };
		B684CE422786E24D00643D60 /* CardModel.swift */ = {isa = PBXFileReference; lastKnownFileType = sourcecode.swift; path = CardModel.swift; sourceTree = "<group>"; };
		B684CE442787086F00643D60 /* Router.swift */ = {isa = PBXFileReference; lastKnownFileType = sourcecode.swift; path = Router.swift; sourceTree = "<group>"; };
		B684CE4927871AEC00643D60 /* Routerable.swift */ = {isa = PBXFileReference; lastKnownFileType = sourcecode.swift; path = Routerable.swift; sourceTree = "<group>"; };
		B684CE4B27871AF500643D60 /* Routed.swift */ = {isa = PBXFileReference; lastKnownFileType = sourcecode.swift; path = Routed.swift; sourceTree = "<group>"; };
		B684CE4D27871B2F00643D60 /* Events.swift */ = {isa = PBXFileReference; lastKnownFileType = sourcecode.swift; path = Events.swift; sourceTree = "<group>"; };
		B684CE5027873C1400643D60 /* CategoriesView.swift */ = {isa = PBXFileReference; lastKnownFileType = sourcecode.swift; path = CategoriesView.swift; sourceTree = "<group>"; };
		B684CE5227874D3B00643D60 /* CategoriesData.swift */ = {isa = PBXFileReference; lastKnownFileType = sourcecode.swift; path = CategoriesData.swift; sourceTree = "<group>"; };
		B684CE542787542F00643D60 /* CardView.swift */ = {isa = PBXFileReference; lastKnownFileType = sourcecode.swift; path = CardView.swift; sourceTree = "<group>"; };
		B684CE57278756C500643D60 /* FontAnimator.swift */ = {isa = PBXFileReference; lastKnownFileType = sourcecode.swift; path = FontAnimator.swift; sourceTree = "<group>"; };
		B684CE592787791700643D60 /* ItemsView.swift */ = {isa = PBXFileReference; lastKnownFileType = sourcecode.swift; path = ItemsView.swift; sourceTree = "<group>"; };
		B684CE5B2787797D00643D60 /* NavigationBar.swift */ = {isa = PBXFileReference; lastKnownFileType = sourcecode.swift; path = NavigationBar.swift; sourceTree = "<group>"; };
		B684CE5D278779EA00643D60 /* ScrollHeightGeometry.swift */ = {isa = PBXFileReference; lastKnownFileType = sourcecode.swift; path = ScrollHeightGeometry.swift; sourceTree = "<group>"; };
		B684CE5F27877B2B00643D60 /* ItemModel.swift */ = {isa = PBXFileReference; lastKnownFileType = sourcecode.swift; path = ItemModel.swift; sourceTree = "<group>"; };
/* End PBXFileReference section */

/* Begin PBXFrameworksBuildPhase section */
		B684CE2D27860DD400643D60 /* Frameworks */ = {
			isa = PBXFrameworksBuildPhase;
			buildActionMask = 2147483647;
			files = (
			);
			runOnlyForDeploymentPostprocessing = 0;
		};
/* End PBXFrameworksBuildPhase section */

/* Begin PBXGroup section */
		B684CE2727860DD400643D60 = {
			isa = PBXGroup;
			children = (
				B684CE3227860DD400643D60 /* RealtyEstate */,
				B684CE3127860DD400643D60 /* Products */,
			);
			sourceTree = "<group>";
		};
		B684CE3127860DD400643D60 /* Products */ = {
			isa = PBXGroup;
			children = (
				B684CE3027860DD400643D60 /* RealtyEstate.app */,
			);
			name = Products;
			sourceTree = "<group>";
		};
		B684CE3227860DD400643D60 /* RealtyEstate */ = {
			isa = PBXGroup;
			children = (
				B684CE56278756B500643D60 /* Styles */,
				B684CE4F27871B3E00643D60 /* Views */,
				B684CE412786E23700643D60 /* DataModels */,
				B684CE3327860DD400643D60 /* RealtyEstateApp.swift */,
				B684CE4827871ADD00643D60 /* Router */,
				B684CE3527860DD400643D60 /* ContentView.swift */,
				B684CE3727860DD600643D60 /* Assets.xcassets */,
				B684CE3927860DD600643D60 /* Preview Content */,
			);
			path = RealtyEstate;
			sourceTree = "<group>";
		};
		B684CE3927860DD600643D60 /* Preview Content */ = {
			isa = PBXGroup;
			children = (
				B684CE3A27860DD600643D60 /* Preview Assets.xcassets */,
			);
			path = "Preview Content";
			sourceTree = "<group>";
		};
		B684CE412786E23700643D60 /* DataModels */ = {
			isa = PBXGroup;
			children = (
				B684CE422786E24D00643D60 /* CardModel.swift */,
				B684CE5227874D3B00643D60 /* CategoriesData.swift */,
				B684CE5D278779EA00643D60 /* ScrollHeightGeometry.swift */,
				B684CE5F27877B2B00643D60 /* ItemModel.swift */,
			);
			path = DataModels;
			sourceTree = "<group>";
		};
		B684CE4827871ADD00643D60 /* Router */ = {
			isa = PBXGroup;
			children = (
				B684CE442787086F00643D60 /* Router.swift */,
				B684CE4D27871B2F00643D60 /* Events.swift */,
				B684CE4927871AEC00643D60 /* Routerable.swift */,
				B684CE4B27871AF500643D60 /* Routed.swift */,
			);
			path = Router;
			sourceTree = "<group>";
		};
		B684CE4F27871B3E00643D60 /* Views */ = {
			isa = PBXGroup;
			children = (
				B684CE5027873C1400643D60 /* CategoriesView.swift */,
				B684CE5B2787797D00643D60 /* NavigationBar.swift */,
				B684CE592787791700643D60 /* ItemsView.swift */,
				B684CE542787542F00643D60 /* CardView.swift */,
			);
			path = Views;
			sourceTree = "<group>";
		};
		B684CE56278756B500643D60 /* Styles */ = {
			isa = PBXGroup;
			children = (
				B684CE57278756C500643D60 /* FontAnimator.swift */,
			);
			path = Styles;
			sourceTree = "<group>";
		};
/* End PBXGroup section */

/* Begin PBXNativeTarget section */
		B684CE2F27860DD400643D60 /* RealtyEstate */ = {
			isa = PBXNativeTarget;
			buildConfigurationList = B684CE3E27860DD600643D60 /* Build configuration list for PBXNativeTarget "RealtyEstate" */;
			buildPhases = (
				B684CE2C27860DD400643D60 /* Sources */,
				B684CE2D27860DD400643D60 /* Frameworks */,
				B684CE2E27860DD400643D60 /* Resources */,
			);
			buildRules = (
			);
			dependencies = (
			);
			name = RealtyEstate;
			productName = RealtyEstate;
			productReference = B684CE3027860DD400643D60 /* RealtyEstate.app */;
			productType = "com.apple.product-type.application";
		};
/* End PBXNativeTarget section */

/* Begin PBXProject section */
		B684CE2827860DD400643D60 /* Project object */ = {
			isa = PBXProject;
			attributes = {
				BuildIndependentTargetsInParallel = 1;
				LastSwiftUpdateCheck = 1320;
				LastUpgradeCheck = 1320;
				TargetAttributes = {
					B684CE2F27860DD400643D60 = {
						CreatedOnToolsVersion = 13.2.1;
					};
				};
			};
			buildConfigurationList = B684CE2B27860DD400643D60 /* Build configuration list for PBXProject "RealtyEstate" */;
			compatibilityVersion = "Xcode 13.0";
			developmentRegion = en;
			hasScannedForEncodings = 0;
			knownRegions = (
				en,
				Base,
			);
			mainGroup = B684CE2727860DD400643D60;
			productRefGroup = B684CE3127860DD400643D60 /* Products */;
			projectDirPath = "";
			projectRoot = "";
			targets = (
				B684CE2F27860DD400643D60 /* RealtyEstate */,
			);
		};
/* End PBXProject section */

/* Begin PBXResourcesBuildPhase section */
		B684CE2E27860DD400643D60 /* Resources */ = {
			isa = PBXResourcesBuildPhase;
			buildActionMask = 2147483647;
			files = (
				B684CE3B27860DD600643D60 /* Preview Assets.xcassets in Resources */,
				B684CE3827860DD600643D60 /* Assets.xcassets in Resources */,
			);
			runOnlyForDeploymentPostprocessing = 0;
		};
/* End PBXResourcesBuildPhase section */

/* Begin PBXSourcesBuildPhase section */
		B684CE2C27860DD400643D60 /* Sources */ = {
			isa = PBXSourcesBuildPhase;
			buildActionMask = 2147483647;
			files = (
				B684CE6027877B2B00643D60 /* ItemModel.swift in Sources */,
				B684CE452787086F00643D60 /* Router.swift in Sources */,
				B684CE5127873C1400643D60 /* CategoriesView.swift in Sources */,
				B684CE3627860DD400643D60 /* ContentView.swift in Sources */,
				B684CE5E278779EA00643D60 /* ScrollHeightGeometry.swift in Sources */,
				B684CE432786E24D00643D60 /* CardModel.swift in Sources */,
				B684CE5C2787797D00643D60 /* NavigationBar.swift in Sources */,
				B684CE552787542F00643D60 /* CardView.swift in Sources */,
				B684CE4C27871AF500643D60 /* Routed.swift in Sources */,
				B684CE4E27871B2F00643D60 /* Events.swift in Sources */,
				B684CE5A2787791700643D60 /* ItemsView.swift in Sources */,
				B684CE58278756C500643D60 /* FontAnimator.swift in Sources */,
				B684CE3427860DD400643D60 /* RealtyEstateApp.swift in Sources */,
				B684CE5327874D3B00643D60 /* CategoriesData.swift in Sources */,
				B684CE4A27871AEC00643D60 /* Routerable.swift in Sources */,
			);
			runOnlyForDeploymentPostprocessing = 0;
		};
/* End PBXSourcesBuildPhase section */

/* Begin XCBuildConfiguration section */
		B684CE3C27860DD600643D60 /* Debug */ = {
			isa = XCBuildConfiguration;
			buildSettings = {
				ALWAYS_SEARCH_USER_PATHS = NO;
				CLANG_ANALYZER_NONNULL = YES;
				CLANG_ANALYZER_NUMBER_OBJECT_CONVERSION = YES_AGGRESSIVE;
				CLANG_CXX_LANGUAGE_STANDARD = "gnu++17";
				CLANG_CXX_LIBRARY = "libc++";
				CLANG_ENABLE_MODULES = YES;
				CLANG_ENABLE_OBJC_ARC = YES;
				CLANG_ENABLE_OBJC_WEAK = YES;
				CLANG_WARN_BLOCK_CAPTURE_AUTORELEASING = YES;
				CLANG_WARN_BOOL_CONVERSION = YES;
				CLANG_WARN_COMMA = YES;
				CLANG_WARN_CONSTANT_CONVERSION = YES;
				CLANG_WARN_DEPRECATED_OBJC_IMPLEMENTATIONS = YES;
				CLANG_WARN_DIRECT_OBJC_ISA_USAGE = YES_ERROR;
				CLANG_WARN_DOCUMENTATION_COMMENTS = YES;
				CLANG_WARN_EMPTY_BODY = YES;
				CLANG_WARN_ENUM_CONVERSION = YES;
				CLANG_WARN_INFINITE_RECURSION = YES;
				CLANG_WARN_INT_CONVERSION = YES;
				CLANG_WARN_NON_LITERAL_NULL_CONVERSION = YES;
				CLANG_WARN_OBJC_IMPLICIT_RETAIN_SELF = YES;
				CLANG_WARN_OBJC_LITERAL_CONVERSION = YES;
				CLANG_WARN_OBJC_ROOT_CLASS = YES_ERROR;
				CLANG_WARN_QUOTED_INCLUDE_IN_FRAMEWORK_HEADER = YES;
				CLANG_WARN_RANGE_LOOP_ANALYSIS = YES;
				CLANG_WARN_STRICT_PROTOTYPES = YES;
				CLANG_WARN_SUSPICIOUS_MOVE = YES;
				CLANG_WARN_UNGUARDED_AVAILABILITY = YES_AGGRESSIVE;
				CLANG_WARN_UNREACHABLE_CODE = YES;
				CLANG_WARN__DUPLICATE_METHOD_MATCH = YES;
				COPY_PHASE_STRIP = NO;
				DEBUG_INFORMATION_FORMAT = dwarf;
				ENABLE_STRICT_OBJC_MSGSEND = YES;
				ENABLE_TESTABILITY = YES;
				GCC_C_LANGUAGE_STANDARD = gnu11;
				GCC_DYNAMIC_NO_PIC = NO;
				GCC_NO_COMMON_BLOCKS = YES;
				GCC_OPTIMIZATION_LEVEL = 0;
				GCC_PREPROCESSOR_DEFINITIONS = (
					"DEBUG=1",
					"$(inherited)",
				);
				GCC_WARN_64_TO_32_BIT_CONVERSION = YES;
				GCC_WARN_ABOUT_RETURN_TYPE = YES_ERROR;
				GCC_WARN_UNDECLARED_SELECTOR = YES;
				GCC_WARN_UNINITIALIZED_AUTOS = YES_AGGRESSIVE;
				GCC_WARN_UNUSED_FUNCTION = YES;
				GCC_WARN_UNUSED_VARIABLE = YES;
				IPHONEOS_DEPLOYMENT_TARGET = 15.2;
				MTL_ENABLE_DEBUG_INFO = INCLUDE_SOURCE;
				MTL_FAST_MATH = YES;
				ONLY_ACTIVE_ARCH = YES;
				SDKROOT = iphoneos;
				SWIFT_ACTIVE_COMPILATION_CONDITIONS = DEBUG;
				SWIFT_OPTIMIZATION_LEVEL = "-Onone";
			};
			name = Debug;
		};
		B684CE3D27860DD600643D60 /* Release */ = {
			isa = XCBuildConfiguration;
			buildSettings = {
				ALWAYS_SEARCH_USER_PATHS = NO;
				CLANG_ANALYZER_NONNULL = YES;
				CLANG_ANALYZER_NUMBER_OBJECT_CONVERSION = YES_AGGRESSIVE;
				CLANG_CXX_LANGUAGE_STANDARD = "gnu++17";
				CLANG_CXX_LIBRARY = "libc++";
				CLANG_ENABLE_MODULES = YES;
				CLANG_ENABLE_OBJC_ARC = YES;
				CLANG_ENABLE_OBJC_WEAK = YES;
				CLANG_WARN_BLOCK_CAPTURE_AUTORELEASING = YES;
				CLANG_WARN_BOOL_CONVERSION = YES;
				CLANG_WARN_COMMA = YES;
				CLANG_WARN_CONSTANT_CONVERSION = YES;
				CLANG_WARN_DEPRECATED_OBJC_IMPLEMENTATIONS = YES;
				CLANG_WARN_DIRECT_OBJC_ISA_USAGE = YES_ERROR;
				CLANG_WARN_DOCUMENTATION_COMMENTS = YES;
				CLANG_WARN_EMPTY_BODY = YES;
				CLANG_WARN_ENUM_CONVERSION = YES;
				CLANG_WARN_INFINITE_RECURSION = YES;
				CLANG_WARN_INT_CONVERSION = YES;
				CLANG_WARN_NON_LITERAL_NULL_CONVERSION = YES;
				CLANG_WARN_OBJC_IMPLICIT_RETAIN_SELF = YES;
				CLANG_WARN_OBJC_LITERAL_CONVERSION = YES;
				CLANG_WARN_OBJC_ROOT_CLASS = YES_ERROR;
				CLANG_WARN_QUOTED_INCLUDE_IN_FRAMEWORK_HEADER = YES;
				CLANG_WARN_RANGE_LOOP_ANALYSIS = YES;
				CLANG_WARN_STRICT_PROTOTYPES = YES;
				CLANG_WARN_SUSPICIOUS_MOVE = YES;
				CLANG_WARN_UNGUARDED_AVAILABILITY = YES_AGGRESSIVE;
				CLANG_WARN_UNREACHABLE_CODE = YES;
				CLANG_WARN__DUPLICATE_METHOD_MATCH = YES;
				COPY_PHASE_STRIP = NO;
				DEBUG_INFORMATION_FORMAT = "dwarf-with-dsym";
				ENABLE_NS_ASSERTIONS = NO;
				ENABLE_STRICT_OBJC_MSGSEND = YES;
				GCC_C_LANGUAGE_STANDARD = gnu11;
				GCC_NO_COMMON_BLOCKS = YES;
				GCC_WARN_64_TO_32_BIT_CONVERSION = YES;
				GCC_WARN_ABOUT_RETURN_TYPE = YES_ERROR;
				GCC_WARN_UNDECLARED_SELECTOR = YES;
				GCC_WARN_UNINITIALIZED_AUTOS = YES_AGGRESSIVE;
				GCC_WARN_UNUSED_FUNCTION = YES;
				GCC_WARN_UNUSED_VARIABLE = YES;
				IPHONEOS_DEPLOYMENT_TARGET = 15.2;
				MTL_ENABLE_DEBUG_INFO = NO;
				MTL_FAST_MATH = YES;
				SDKROOT = iphoneos;
				SWIFT_COMPILATION_MODE = wholemodule;
				SWIFT_OPTIMIZATION_LEVEL = "-O";
				VALIDATE_PRODUCT = YES;
			};
			name = Release;
		};
		B684CE3F27860DD600643D60 /* Debug */ = {
			isa = XCBuildConfiguration;
			buildSettings = {
				ASSETCATALOG_COMPILER_APPICON_NAME = AppIcon;
				ASSETCATALOG_COMPILER_GLOBAL_ACCENT_COLOR_NAME = AccentColor;
				CODE_SIGN_STYLE = Automatic;
				CURRENT_PROJECT_VERSION = 1;
				DEVELOPMENT_ASSET_PATHS = "\"RealtyEstate/Preview Content\"";
				DEVELOPMENT_TEAM = JKYU7W8LBP;
				ENABLE_PREVIEWS = YES;
				GENERATE_INFOPLIST_FILE = YES;
				INFOPLIST_KEY_UIApplicationSceneManifest_Generation = YES;
				INFOPLIST_KEY_UIApplicationSupportsIndirectInputEvents = YES;
				INFOPLIST_KEY_UILaunchScreen_Generation = YES;
				INFOPLIST_KEY_UISupportedInterfaceOrientations_iPad = "UIInterfaceOrientationPortrait UIInterfaceOrientationPortraitUpsideDown UIInterfaceOrientationLandscapeLeft UIInterfaceOrientationLandscapeRight";
				INFOPLIST_KEY_UISupportedInterfaceOrientations_iPhone = "UIInterfaceOrientationPortrait UIInterfaceOrientationLandscapeLeft UIInterfaceOrientationLandscapeRight";
				LD_RUNPATH_SEARCH_PATHS = (
					"$(inherited)",
					"@executable_path/Frameworks",
				);
				MARKETING_VERSION = 1.0;
				PRODUCT_BUNDLE_IDENTIFIER = mishacausur.RealtyEstate;
				PRODUCT_NAME = "$(TARGET_NAME)";
				SWIFT_EMIT_LOC_STRINGS = YES;
				SWIFT_VERSION = 5.0;
				TARGETED_DEVICE_FAMILY = "1,2";
			};
			name = Debug;
		};
		B684CE4027860DD600643D60 /* Release */ = {
			isa = XCBuildConfiguration;
			buildSettings = {
				ASSETCATALOG_COMPILER_APPICON_NAME = AppIcon;
				ASSETCATALOG_COMPILER_GLOBAL_ACCENT_COLOR_NAME = AccentColor;
				CODE_SIGN_STYLE = Automatic;
				CURRENT_PROJECT_VERSION = 1;
				DEVELOPMENT_ASSET_PATHS = "\"RealtyEstate/Preview Content\"";
				DEVELOPMENT_TEAM = JKYU7W8LBP;
				ENABLE_PREVIEWS = YES;
				GENERATE_INFOPLIST_FILE = YES;
				INFOPLIST_KEY_UIApplicationSceneManifest_Generation = YES;
				INFOPLIST_KEY_UIApplicationSupportsIndirectInputEvents = YES;
				INFOPLIST_KEY_UILaunchScreen_Generation = YES;
				INFOPLIST_KEY_UISupportedInterfaceOrientations_iPad = "UIInterfaceOrientationPortrait UIInterfaceOrientationPortraitUpsideDown UIInterfaceOrientationLandscapeLeft UIInterfaceOrientationLandscapeRight";
				INFOPLIST_KEY_UISupportedInterfaceOrientations_iPhone = "UIInterfaceOrientationPortrait UIInterfaceOrientationLandscapeLeft UIInterfaceOrientationLandscapeRight";
				LD_RUNPATH_SEARCH_PATHS = (
					"$(inherited)",
					"@executable_path/Frameworks",
				);
				MARKETING_VERSION = 1.0;
				PRODUCT_BUNDLE_IDENTIFIER = mishacausur.RealtyEstate;
				PRODUCT_NAME = "$(TARGET_NAME)";
				SWIFT_EMIT_LOC_STRINGS = YES;
				SWIFT_VERSION = 5.0;
				TARGETED_DEVICE_FAMILY = "1,2";
			};
			name = Release;
		};
/* End XCBuildConfiguration section */

/* Begin XCConfigurationList section */
		B684CE2B27860DD400643D60 /* Build configuration list for PBXProject "RealtyEstate" */ = {
			isa = XCConfigurationList;
			buildConfigurations = (
				B684CE3C27860DD600643D60 /* Debug */,
				B684CE3D27860DD600643D60 /* Release */,
			);
			defaultConfigurationIsVisible = 0;
			defaultConfigurationName = Release;
		};
		B684CE3E27860DD600643D60 /* Build configuration list for PBXNativeTarget "RealtyEstate" */ = {
			isa = XCConfigurationList;
			buildConfigurations = (
				B684CE3F27860DD600643D60 /* Debug */,
				B684CE4027860DD600643D60 /* Release */,
			);
			defaultConfigurationIsVisible = 0;
			defaultConfigurationName = Release;
		};
/* End XCConfigurationList section */
	};
	rootObject = B684CE2827860DD400643D60 /* Project object */;
}
